
Microsoft Visual Studio Solution File, Format Version 12.00
# Visual Studio Version 16
VisualStudioVersion = 16.0.31105.61
MinimumVisualStudioVersion = 10.0.40219.1
Project("{FAE04EC0-301F-11D3-BF4B-00C04F79EFBC}") = "lab2", "lab2\lab2.csproj", "{234A91AA-5C68-43CA-B5AE-F24D06B24110}"
EndProject
Global
	GlobalSection(SolutionConfigurationPlatforms) = preSolution
		Debug|Any CPU = Debug|Any CPU
		Release|Any CPU = Release|Any CPU
	EndGlobalSection
	GlobalSection(ProjectConfigurationPlatforms) = postSolution
		{234A91AA-5C68-43CA-B5AE-F24D06B24110}.Debug|Any CPU.ActiveCfg = Debug|Any CPU
		{234A91AA-5C68-43CA-B5AE-F24D06B24110}.Debug|Any CPU.Build.0 = Debug|Any CPU
		{234A91AA-5C68-43CA-B5AE-F24D06B24110}.Release|Any CPU.ActiveCfg = Release|Any CPU
		{234A91AA-5C68-43CA-B5AE-F24D06B24110}.Release|Any CPU.Build.0 = Release|Any CPU
	EndGlobalSection
	GlobalSection(SolutionProperties) = preSolution
		HideSolutionNode = FALSE
	EndGlobalSection
	GlobalSection(ExtensibilityGlobals) = postSolution
		SolutionGuid = {C59FF840-4A90-49D9-86CF-416ED59D36FE}
	EndGlobalSection
EndGlobal
